
Microsoft Visual Studio Solution File, Format Version 12.00
# Visual Studio Version 17
VisualStudioVersion = 17.13.35931.197
MinimumVisualStudioVersion = 10.0.40219.1
Project("{FAE04EC0-301F-11D3-BF4B-00C04F79EFBC}") = "CALCULADORA", "CALCULADORA\CALCULADORA.csproj", "{1F7D1D6C-D058-4F92-839C-601B7BFA2AAF}"
EndProject
Project("{FAE04EC0-301F-11D3-BF4B-00C04F79EFBC}") = "Ordenarnumeros", "Ordenarnumeros\Ordenarnumeros.csproj", "{2834C1C4-4E12-4F51-A949-8F77AE2B330D}"
EndProject
Global
	GlobalSection(SolutionConfigurationPlatforms) = preSolution
		Debug|Any CPU = Debug|Any CPU
		Release|Any CPU = Release|Any CPU
	EndGlobalSection
	GlobalSection(ProjectConfigurationPlatforms) = postSolution
		{1F7D1D6C-D058-4F92-839C-601B7BFA2AAF}.Debug|Any CPU.ActiveCfg = Debug|Any CPU
		{1F7D1D6C-D058-4F92-839C-601B7BFA2AAF}.Debug|Any CPU.Build.0 = Debug|Any CPU
		{1F7D1D6C-D058-4F92-839C-601B7BFA2AAF}.Release|Any CPU.ActiveCfg = Release|Any CPU
		{1F7D1D6C-D058-4F92-839C-601B7BFA2AAF}.Release|Any CPU.Build.0 = Release|Any CPU
		{2834C1C4-4E12-4F51-A949-8F77AE2B330D}.Debug|Any CPU.ActiveCfg = Debug|Any CPU
		{2834C1C4-4E12-4F51-A949-8F77AE2B330D}.Debug|Any CPU.Build.0 = Debug|Any CPU
		{2834C1C4-4E12-4F51-A949-8F77AE2B330D}.Release|Any CPU.ActiveCfg = Release|Any CPU
		{2834C1C4-4E12-4F51-A949-8F77AE2B330D}.Release|Any CPU.Build.0 = Release|Any CPU
	EndGlobalSection
	GlobalSection(SolutionProperties) = preSolution
		HideSolutionNode = FALSE
	EndGlobalSection
	GlobalSection(ExtensibilityGlobals) = postSolution
		SolutionGuid = {05CE6949-9912-4503-B386-BB8EE3A0520B}
	EndGlobalSection
EndGlobal
